
Microsoft Visual Studio Solution File, Format Version 12.00
# Visual Studio Version 16
VisualStudioVersion = 16.0.808.2
MinimumVisualStudioVersion = 10.0.40219.1
Project("{FAE04EC0-301F-11D3-BF4B-00C04F79EFBC}") = "EmployeeManagement", "EmployeeManagement.csproj", "{D6A50284-2B18-4CB7-ACAC-E10E3B7360FB}"
EndProject
Global
	GlobalSection(SolutionConfigurationPlatforms) = preSolution
		Debug|Any CPU = Debug|Any CPU
		Release|Any CPU = Release|Any CPU
	EndGlobalSection
	GlobalSection(ProjectConfigurationPlatforms) = postSolution
		{D6A50284-2B18-4CB7-ACAC-E10E3B7360FB}.Debug|Any CPU.ActiveCfg = Debug|Any CPU
		{D6A50284-2B18-4CB7-ACAC-E10E3B7360FB}.Debug|Any CPU.Build.0 = Debug|Any CPU
		{D6A50284-2B18-4CB7-ACAC-E10E3B7360FB}.Release|Any CPU.ActiveCfg = Release|Any CPU
		{D6A50284-2B18-4CB7-ACAC-E10E3B7360FB}.Release|Any CPU.Build.0 = Release|Any CPU
	EndGlobalSection
	GlobalSection(SolutionProperties) = preSolution
		HideSolutionNode = FALSE
	EndGlobalSection
	GlobalSection(ExtensibilityGlobals) = postSolution
		SolutionGuid = {A1F757FC-DE7C-46E4-94E9-0B52A898EF38}
	EndGlobalSection
EndGlobal
